
Microsoft Visual Studio Solution File, Format Version 12.00
# Visual Studio Version 17
VisualStudioVersion = 17.5.002.0
MinimumVisualStudioVersion = 10.0.40219.1
Project("{2150E333-8FDC-42A3-9474-1A3956D46DE8}") = "master", "master", "{053BE5F9-A021-47F6-A735-E84C8449D79A}"
EndProject
Project("{9A19103F-16F7-4668-BE54-9A1E7A4F7556}") = "MyNewApp", "master\MyNewApp\MyNewApp.csproj", "{1ACE8CEE-CCF3-4F75-A9E6-9D07CACB8DFC}"
EndProject
Global
	GlobalSection(SolutionConfigurationPlatforms) = preSolution
		Debug|Any CPU = Debug|Any CPU
		Release|Any CPU = Release|Any CPU
	EndGlobalSection
	GlobalSection(ProjectConfigurationPlatforms) = postSolution
		{1ACE8CEE-CCF3-4F75-A9E6-9D07CACB8DFC}.Debug|Any CPU.ActiveCfg = Debug|Any CPU
		{1ACE8CEE-CCF3-4F75-A9E6-9D07CACB8DFC}.Debug|Any CPU.Build.0 = Debug|Any CPU
		{1ACE8CEE-CCF3-4F75-A9E6-9D07CACB8DFC}.Release|Any CPU.ActiveCfg = Release|Any CPU
		{1ACE8CEE-CCF3-4F75-A9E6-9D07CACB8DFC}.Release|Any CPU.Build.0 = Release|Any CPU
	EndGlobalSection
	GlobalSection(SolutionProperties) = preSolution
		HideSolutionNode = FALSE
	EndGlobalSection
	GlobalSection(NestedProjects) = preSolution
		{1ACE8CEE-CCF3-4F75-A9E6-9D07CACB8DFC} = {053BE5F9-A021-47F6-A735-E84C8449D79A}
	EndGlobalSection
	GlobalSection(ExtensibilityGlobals) = postSolution
		SolutionGuid = {70CE470E-58BD-4741-A511-F488CD1348FE}
	EndGlobalSection
EndGlobal
