
Microsoft Visual Studio Solution File, Format Version 12.00
# Visual Studio Version 17
VisualStudioVersion = 17.0.31903.59
MinimumVisualStudioVersion = 10.0.40219.1
Project("{FAE04EC0-301F-11D3-BF4B-00C04F79EFBC}") = "Domain", "Domain\Domain.csproj", "{A5CAD8A9-6FF5-400C-AAEA-768E44E03824}"
EndProject
Project("{FAE04EC0-301F-11D3-BF4B-00C04F79EFBC}") = "Application", "Application\Application.csproj", "{D4A50A52-A315-4994-8B2B-3CB213F999A3}"
EndProject
Project("{FAE04EC0-301F-11D3-BF4B-00C04F79EFBC}") = "Infrastructure", "Infrastructure\Infrastructure.csproj", "{A049860D-F70C-4DAE-819D-D28E766A75B9}"
EndProject
Project("{FAE04EC0-301F-11D3-BF4B-00C04F79EFBC}") = "Presentation", "Presentation\Presentation.csproj", "{E54242F8-201B-4CE3-A69F-03ED086175EE}"
EndProject
Global
	GlobalSection(SolutionConfigurationPlatforms) = preSolution
		Debug|Any CPU = Debug|Any CPU
		Release|Any CPU = Release|Any CPU
	EndGlobalSection
	GlobalSection(SolutionProperties) = preSolution
		HideSolutionNode = FALSE
	EndGlobalSection
	GlobalSection(ProjectConfigurationPlatforms) = postSolution
		{A5CAD8A9-6FF5-400C-AAEA-768E44E03824}.Debug|Any CPU.ActiveCfg = Debug|Any CPU
		{A5CAD8A9-6FF5-400C-AAEA-768E44E03824}.Debug|Any CPU.Build.0 = Debug|Any CPU
		{A5CAD8A9-6FF5-400C-AAEA-768E44E03824}.Release|Any CPU.ActiveCfg = Release|Any CPU
		{A5CAD8A9-6FF5-400C-AAEA-768E44E03824}.Release|Any CPU.Build.0 = Release|Any CPU
		{D4A50A52-A315-4994-8B2B-3CB213F999A3}.Debug|Any CPU.ActiveCfg = Debug|Any CPU
		{D4A50A52-A315-4994-8B2B-3CB213F999A3}.Debug|Any CPU.Build.0 = Debug|Any CPU
		{D4A50A52-A315-4994-8B2B-3CB213F999A3}.Release|Any CPU.ActiveCfg = Release|Any CPU
		{D4A50A52-A315-4994-8B2B-3CB213F999A3}.Release|Any CPU.Build.0 = Release|Any CPU
		{A049860D-F70C-4DAE-819D-D28E766A75B9}.Debug|Any CPU.ActiveCfg = Debug|Any CPU
		{A049860D-F70C-4DAE-819D-D28E766A75B9}.Debug|Any CPU.Build.0 = Debug|Any CPU
		{A049860D-F70C-4DAE-819D-D28E766A75B9}.Release|Any CPU.ActiveCfg = Release|Any CPU
		{A049860D-F70C-4DAE-819D-D28E766A75B9}.Release|Any CPU.Build.0 = Release|Any CPU
		{E54242F8-201B-4CE3-A69F-03ED086175EE}.Debug|Any CPU.ActiveCfg = Debug|Any CPU
		{E54242F8-201B-4CE3-A69F-03ED086175EE}.Debug|Any CPU.Build.0 = Debug|Any CPU
		{E54242F8-201B-4CE3-A69F-03ED086175EE}.Release|Any CPU.ActiveCfg = Release|Any CPU
		{E54242F8-201B-4CE3-A69F-03ED086175EE}.Release|Any CPU.Build.0 = Release|Any CPU
	EndGlobalSection
EndGlobal
