
Microsoft Visual Studio Solution File, Format Version 12.00
# Visual Studio Version 17
VisualStudioVersion = 17.5.002.0
MinimumVisualStudioVersion = 10.0.40219.1
Project("{9A19103F-16F7-4668-BE54-9A1E7A4F7556}") = "linq101", "linq101.csproj", "{298D1832-38E0-4765-9F37-92B0B8CD1EA3}"
EndProject
Global
	GlobalSection(SolutionConfigurationPlatforms) = preSolution
		Debug|Any CPU = Debug|Any CPU
		Release|Any CPU = Release|Any CPU
	EndGlobalSection
	GlobalSection(ProjectConfigurationPlatforms) = postSolution
		{298D1832-38E0-4765-9F37-92B0B8CD1EA3}.Debug|Any CPU.ActiveCfg = Debug|Any CPU
		{298D1832-38E0-4765-9F37-92B0B8CD1EA3}.Debug|Any CPU.Build.0 = Debug|Any CPU
		{298D1832-38E0-4765-9F37-92B0B8CD1EA3}.Release|Any CPU.ActiveCfg = Release|Any CPU
		{298D1832-38E0-4765-9F37-92B0B8CD1EA3}.Release|Any CPU.Build.0 = Release|Any CPU
	EndGlobalSection
	GlobalSection(SolutionProperties) = preSolution
		HideSolutionNode = FALSE
	EndGlobalSection
	GlobalSection(ExtensibilityGlobals) = postSolution
		SolutionGuid = {E1A3F347-DCE7-4DDE-BE3D-0B7654C4EBB9}
	EndGlobalSection
EndGlobal
